
Microsoft Visual Studio Solution File, Format Version 12.00
# Visual Studio Version 16
VisualStudioVersion = 16.0.30503.244
MinimumVisualStudioVersion = 10.0.40219.1
Project("{FAE04EC0-301F-11D3-BF4B-00C04F79EFBC}") = "MagicEightBall", "MagicEightBall\MagicEightBall.csproj", "{1F36D5FC-9237-425A-8208-978F12F02683}"
EndProject
Global
	GlobalSection(SolutionConfigurationPlatforms) = preSolution
		Debug|Any CPU = Debug|Any CPU
		Release|Any CPU = Release|Any CPU
	EndGlobalSection
	GlobalSection(ProjectConfigurationPlatforms) = postSolution
		{1F36D5FC-9237-425A-8208-978F12F02683}.Debug|Any CPU.ActiveCfg = Debug|Any CPU
		{1F36D5FC-9237-425A-8208-978F12F02683}.Debug|Any CPU.Build.0 = Debug|Any CPU
		{1F36D5FC-9237-425A-8208-978F12F02683}.Release|Any CPU.ActiveCfg = Release|Any CPU
		{1F36D5FC-9237-425A-8208-978F12F02683}.Release|Any CPU.Build.0 = Release|Any CPU
	EndGlobalSection
	GlobalSection(SolutionProperties) = preSolution
		HideSolutionNode = FALSE
	EndGlobalSection
	GlobalSection(ExtensibilityGlobals) = postSolution
		SolutionGuid = {99E065C5-B805-4137-BB7F-E8D25FD2999F}
	EndGlobalSection
EndGlobal
